{
  "name": "emwaver",
  "lockfileVersion": 3,
  "requires": true,
  "packages": {
    "": {
      "dependencies": {
        "@openai/codex": "^0.76.0"
      }
    },
    "node_modules/@openai/codex": {
      "version": "0.76.0",
      "resolved": "https://registry.npmjs.org/@openai/codex/-/codex-0.76.0.tgz",
      "integrity": "sha512-sfyp8lqWanob3oQdAinhmhTZ8SWvPOMRLe9hjHpkMxlpbscEHHAcV3U1m3aC9nww+8p+f3vbvu8GYov18/FPVQ==",
      "bin": {
        "codex": "bin/codex.js"
      },
      "engines": {
        "node": ">=16"
      }
    }
  }
}
